
Microsoft Visual Studio Solution File, Format Version 12.00
# Visual Studio Version 17
VisualStudioVersion = 17.12.35209.166
MinimumVisualStudioVersion = 10.0.40219.1
Project("{8BC9CEB8-8B4A-11D0-8D11-00A0C91BC942}") = "ExcelDna.Host", "ExcelDna.Host\ExcelDna.Host.vcxproj", "{A9887347-3E93-4E4E-96DF-227648E57B60}"
EndProject
Project("{FAE04EC0-301F-11D3-BF4B-00C04F79EFBC}") = "ExcelDna.ManagedHost", "ExcelDna.ManagedHost\ExcelDna.ManagedHost.csproj", "{A8CF65CB-EC21-4619-B2F5-9B27D9520795}"
EndProject
Project("{D954291E-2A0B-460D-934E-DC6B0785DB48}") = "ExcelDna.PackedResources", "ExcelDna.PackedResources\ExcelDna.PackedResources.shproj", "{7EBB8FA9-A153-422E-B454-144C3FB03450}"
EndProject
Project("{FAE04EC0-301F-11D3-BF4B-00C04F79EFBC}") = "ExcelDna.Loader", "ExcelDna.Loader\ExcelDna.Loader.csproj", "{59B26270-4BA6-4C54-9C91-301E383DA4D2}"
EndProject
Project("{FAE04EC0-301F-11D3-BF4B-00C04F79EFBC}") = "ExcelDna.Integration", "ExcelDna.Integration\ExcelDna.Integration.csproj", "{E8ABB402-3729-45ED-9ADA-823B3E455B1D}"
EndProject
Project("{FAE04EC0-301F-11D3-BF4B-00C04F79EFBC}") = "ExcelDna.Test", "ExcelDna.Test\ExcelDna.Test.csproj", "{74C22D3E-B7CF-43CF-A3D1-4DBAF51AEFB7}"
EndProject
Project("{FAE04EC0-301F-11D3-BF4B-00C04F79EFBC}") = "ExcelDna.SourceGenerator", "ExcelDna.SourceGenerator\ExcelDna.SourceGenerator.csproj", "{DD4BF77C-C25B-464E-A2B2-0D2F730455B8}"
EndProject
Global
	GlobalSection(SolutionConfigurationPlatforms) = preSolution
		Debug|Any CPU = Debug|Any CPU
		Debug|x64 = Debug|x64
		Debug|x86 = Debug|x86
		Release|Any CPU = Release|Any CPU
		Release|x64 = Release|x64
		Release|x86 = Release|x86
	EndGlobalSection
	GlobalSection(ProjectConfigurationPlatforms) = postSolution
		{A9887347-3E93-4E4E-96DF-227648E57B60}.Debug|Any CPU.ActiveCfg = Debug|x64
		{A9887347-3E93-4E4E-96DF-227648E57B60}.Debug|Any CPU.Build.0 = Debug|x64
		{A9887347-3E93-4E4E-96DF-227648E57B60}.Debug|x64.ActiveCfg = Debug|x64
		{A9887347-3E93-4E4E-96DF-227648E57B60}.Debug|x64.Build.0 = Debug|x64
		{A9887347-3E93-4E4E-96DF-227648E57B60}.Debug|x86.ActiveCfg = Debug|Win32
		{A9887347-3E93-4E4E-96DF-227648E57B60}.Debug|x86.Build.0 = Debug|Win32
		{A9887347-3E93-4E4E-96DF-227648E57B60}.Release|Any CPU.ActiveCfg = Release|x64
		{A9887347-3E93-4E4E-96DF-227648E57B60}.Release|Any CPU.Build.0 = Release|x64
		{A9887347-3E93-4E4E-96DF-227648E57B60}.Release|x64.ActiveCfg = Release|x64
		{A9887347-3E93-4E4E-96DF-227648E57B60}.Release|x64.Build.0 = Release|x64
		{A9887347-3E93-4E4E-96DF-227648E57B60}.Release|x86.ActiveCfg = Release|Win32
		{A9887347-3E93-4E4E-96DF-227648E57B60}.Release|x86.Build.0 = Release|Win32
		{A8CF65CB-EC21-4619-B2F5-9B27D9520795}.Debug|Any CPU.ActiveCfg = Debug|Any CPU
		{A8CF65CB-EC21-4619-B2F5-9B27D9520795}.Debug|Any CPU.Build.0 = Debug|Any CPU
		{A8CF65CB-EC21-4619-B2F5-9B27D9520795}.Debug|x64.ActiveCfg = Debug|Any CPU
		{A8CF65CB-EC21-4619-B2F5-9B27D9520795}.Debug|x64.Build.0 = Debug|Any CPU
		{A8CF65CB-EC21-4619-B2F5-9B27D9520795}.Debug|x86.ActiveCfg = Debug|Any CPU
		{A8CF65CB-EC21-4619-B2F5-9B27D9520795}.Debug|x86.Build.0 = Debug|Any CPU
		{A8CF65CB-EC21-4619-B2F5-9B27D9520795}.Release|Any CPU.ActiveCfg = Release|Any CPU
		{A8CF65CB-EC21-4619-B2F5-9B27D9520795}.Release|Any CPU.Build.0 = Release|Any CPU
		{A8CF65CB-EC21-4619-B2F5-9B27D9520795}.Release|x64.ActiveCfg = Release|Any CPU
		{A8CF65CB-EC21-4619-B2F5-9B27D9520795}.Release|x64.Build.0 = Release|Any CPU
		{A8CF65CB-EC21-4619-B2F5-9B27D9520795}.Release|x86.ActiveCfg = Release|Any CPU
		{A8CF65CB-EC21-4619-B2F5-9B27D9520795}.Release|x86.Build.0 = Release|Any CPU
		{59B26270-4BA6-4C54-9C91-301E383DA4D2}.Debug|Any CPU.ActiveCfg = Debug|Any CPU
		{59B26270-4BA6-4C54-9C91-301E383DA4D2}.Debug|Any CPU.Build.0 = Debug|Any CPU
		{59B26270-4BA6-4C54-9C91-301E383DA4D2}.Debug|x64.ActiveCfg = Debug|Any CPU
		{59B26270-4BA6-4C54-9C91-301E383DA4D2}.Debug|x64.Build.0 = Debug|Any CPU
		{59B26270-4BA6-4C54-9C91-301E383DA4D2}.Debug|x86.ActiveCfg = Debug|Any CPU
		{59B26270-4BA6-4C54-9C91-301E383DA4D2}.Debug|x86.Build.0 = Debug|Any CPU
		{59B26270-4BA6-4C54-9C91-301E383DA4D2}.Release|Any CPU.ActiveCfg = Release|Any CPU
		{59B26270-4BA6-4C54-9C91-301E383DA4D2}.Release|Any CPU.Build.0 = Release|Any CPU
		{59B26270-4BA6-4C54-9C91-301E383DA4D2}.Release|x64.ActiveCfg = Release|Any CPU
		{59B26270-4BA6-4C54-9C91-301E383DA4D2}.Release|x64.Build.0 = Release|Any CPU
		{59B26270-4BA6-4C54-9C91-301E383DA4D2}.Release|x86.ActiveCfg = Release|Any CPU
		{59B26270-4BA6-4C54-9C91-301E383DA4D2}.Release|x86.Build.0 = Release|Any CPU
		{E8ABB402-3729-45ED-9ADA-823B3E455B1D}.Debug|Any CPU.ActiveCfg = Debug|Any CPU
		{E8ABB402-3729-45ED-9ADA-823B3E455B1D}.Debug|Any CPU.Build.0 = Debug|Any CPU
		{E8ABB402-3729-45ED-9ADA-823B3E455B1D}.Debug|x64.ActiveCfg = Debug|Any CPU
		{E8ABB402-3729-45ED-9ADA-823B3E455B1D}.Debug|x64.Build.0 = Debug|Any CPU
		{E8ABB402-3729-45ED-9ADA-823B3E455B1D}.Debug|x86.ActiveCfg = Debug|Any CPU
		{E8ABB402-3729-45ED-9ADA-823B3E455B1D}.Debug|x86.Build.0 = Debug|Any CPU
		{E8ABB402-3729-45ED-9ADA-823B3E455B1D}.Release|Any CPU.ActiveCfg = Release|Any CPU
		{E8ABB402-3729-45ED-9ADA-823B3E455B1D}.Release|Any CPU.Build.0 = Release|Any CPU
		{E8ABB402-3729-45ED-9ADA-823B3E455B1D}.Release|x64.ActiveCfg = Release|Any CPU
		{E8ABB402-3729-45ED-9ADA-823B3E455B1D}.Release|x64.Build.0 = Release|Any CPU
		{E8ABB402-3729-45ED-9ADA-823B3E455B1D}.Release|x86.ActiveCfg = Release|Any CPU
		{E8ABB402-3729-45ED-9ADA-823B3E455B1D}.Release|x86.Build.0 = Release|Any CPU
		{74C22D3E-B7CF-43CF-A3D1-4DBAF51AEFB7}.Debug|Any CPU.ActiveCfg = Debug|Any CPU
		{74C22D3E-B7CF-43CF-A3D1-4DBAF51AEFB7}.Debug|Any CPU.Build.0 = Debug|Any CPU
		{74C22D3E-B7CF-43CF-A3D1-4DBAF51AEFB7}.Debug|x64.ActiveCfg = Debug|Any CPU
		{74C22D3E-B7CF-43CF-A3D1-4DBAF51AEFB7}.Debug|x64.Build.0 = Debug|Any CPU
		{74C22D3E-B7CF-43CF-A3D1-4DBAF51AEFB7}.Debug|x86.ActiveCfg = Debug|Any CPU
		{74C22D3E-B7CF-43CF-A3D1-4DBAF51AEFB7}.Debug|x86.Build.0 = Debug|Any CPU
		{74C22D3E-B7CF-43CF-A3D1-4DBAF51AEFB7}.Release|Any CPU.ActiveCfg = Release|Any CPU
		{74C22D3E-B7CF-43CF-A3D1-4DBAF51AEFB7}.Release|Any CPU.Build.0 = Release|Any CPU
		{74C22D3E-B7CF-43CF-A3D1-4DBAF51AEFB7}.Release|x64.ActiveCfg = Release|Any CPU
		{74C22D3E-B7CF-43CF-A3D1-4DBAF51AEFB7}.Release|x64.Build.0 = Release|Any CPU
		{74C22D3E-B7CF-43CF-A3D1-4DBAF51AEFB7}.Release|x86.ActiveCfg = Release|Any CPU
		{74C22D3E-B7CF-43CF-A3D1-4DBAF51AEFB7}.Release|x86.Build.0 = Release|Any CPU
		{DD4BF77C-C25B-464E-A2B2-0D2F730455B8}.Debug|Any CPU.ActiveCfg = Debug|Any CPU
		{DD4BF77C-C25B-464E-A2B2-0D2F730455B8}.Debug|Any CPU.Build.0 = Debug|Any CPU
		{DD4BF77C-C25B-464E-A2B2-0D2F730455B8}.Debug|x64.ActiveCfg = Debug|Any CPU
		{DD4BF77C-C25B-464E-A2B2-0D2F730455B8}.Debug|x64.Build.0 = Debug|Any CPU
		{DD4BF77C-C25B-464E-A2B2-0D2F730455B8}.Debug|x86.ActiveCfg = Debug|Any CPU
		{DD4BF77C-C25B-464E-A2B2-0D2F730455B8}.Debug|x86.Build.0 = Debug|Any CPU
		{DD4BF77C-C25B-464E-A2B2-0D2F730455B8}.Release|Any CPU.ActiveCfg = Release|Any CPU
		{DD4BF77C-C25B-464E-A2B2-0D2F730455B8}.Release|Any CPU.Build.0 = Release|Any CPU
		{DD4BF77C-C25B-464E-A2B2-0D2F730455B8}.Release|x64.ActiveCfg = Release|Any CPU
		{DD4BF77C-C25B-464E-A2B2-0D2F730455B8}.Release|x64.Build.0 = Release|Any CPU
		{DD4BF77C-C25B-464E-A2B2-0D2F730455B8}.Release|x86.ActiveCfg = Release|Any CPU
		{DD4BF77C-C25B-464E-A2B2-0D2F730455B8}.Release|x86.Build.0 = Release|Any CPU
	EndGlobalSection
	GlobalSection(SolutionProperties) = preSolution
		HideSolutionNode = FALSE
	EndGlobalSection
	GlobalSection(ExtensibilityGlobals) = postSolution
		SolutionGuid = {C4EEBD3C-2E1B-49EF-8C78-3B740F54B912}
	EndGlobalSection
	GlobalSection(SharedMSBuildProjectFiles) = preSolution
		ExcelDna.PackedResources\ExcelDna.PackedResources.projitems*{7ebb8fa9-a153-422e-b454-144c3fb03450}*SharedItemsImports = 13
		ExcelDna.PackedResources\ExcelDna.PackedResources.projitems*{a8cf65cb-ec21-4619-b2f5-9b27d9520795}*SharedItemsImports = 5
	EndGlobalSection
EndGlobal
