
Microsoft Visual Studio Solution File, Format Version 11.00
# Visual Studio 2010
Project("{2150E333-8FDC-42A3-9474-1A3956D46DE8}") = ".nuget", ".nuget", "{2D92EB04-D9EA-4D29-B5CA-1C40F0BAD95F}"
	ProjectSection(SolutionItems) = preProject
		.nuget\NuGet.Config = .nuget\NuGet.Config
		.nuget\NuGet.exe = .nuget\NuGet.exe
		.nuget\NuGet.targets = .nuget\NuGet.targets
	EndProjectSection
EndProject
Project("{FAE04EC0-301F-11D3-BF4B-00C04F79EFBC}") = "AsyncFunctions", "AsyncFunctions.csproj", "{7491BD35-1AB5-4940-A426-786C3519D7D1}"
EndProject
Global
	GlobalSection(SolutionConfigurationPlatforms) = preSolution
		Debug|Any CPU = Debug|Any CPU
		Release|Any CPU = Release|Any CPU
	EndGlobalSection
	GlobalSection(ProjectConfigurationPlatforms) = postSolution
		{7491BD35-1AB5-4940-A426-786C3519D7D1}.Debug|Any CPU.ActiveCfg = Debug|Any CPU
		{7491BD35-1AB5-4940-A426-786C3519D7D1}.Debug|Any CPU.Build.0 = Debug|Any CPU
		{7491BD35-1AB5-4940-A426-786C3519D7D1}.Release|Any CPU.ActiveCfg = Release|Any CPU
		{7491BD35-1AB5-4940-A426-786C3519D7D1}.Release|Any CPU.Build.0 = Release|Any CPU
	EndGlobalSection
	GlobalSection(SolutionProperties) = preSolution
		HideSolutionNode = FALSE
	EndGlobalSection
EndGlobal
