
Microsoft Visual Studio Solution File, Format Version 12.00
# Visual Studio Version 17
VisualStudioVersion = 17.1.31911.260
MinimumVisualStudioVersion = 10.0.40219.1
Project("{FAE04EC0-301F-11D3-BF4B-00C04F79EFBC}") = "SingleDnaFileDefaultSuffix", "SingleDnaFileDefaultSuffix\SingleDnaFileDefaultSuffix.csproj", "{69CFC6E4-EAF6-416A-B462-B586DC3E051D}"
EndProject
Project("{FAE04EC0-301F-11D3-BF4B-00C04F79EFBC}") = "SingleDnaFileCustomSuffix_x86", "SingleDnaFileCustomSuffix_x86\SingleDnaFileCustomSuffix_x86.csproj", "{54F0F3B2-6970-4FB8-9271-F9ABF2B2F652}"
EndProject
Project("{FAE04EC0-301F-11D3-BF4B-00C04F79EFBC}") = "SingleDnaFileCustomSuffix_x64", "SingleDnaFileCustomSuffix_x64\SingleDnaFileCustomSuffix_x64.csproj", "{C884DE99-F53F-4391-811C-31D9A9244D78}"
EndProject
Project("{FAE04EC0-301F-11D3-BF4B-00C04F79EFBC}") = "SeparateDnaFilesDefaultSuffix", "SeparateDnaFilesDefaultSuffix\SeparateDnaFilesDefaultSuffix.csproj", "{C098F10C-9973-4C75-865F-C43BE642A1E3}"
EndProject
Project("{FAE04EC0-301F-11D3-BF4B-00C04F79EFBC}") = "SeparateDnaFilesCustomSuffix_x86_x64", "SeparateDnaFilesCustomSuffix_x86_x64\SeparateDnaFilesCustomSuffix_x86_x64.csproj", "{AD4BD15D-C910-4125-888A-3D63EF997BFF}"
EndProject
Project("{FAE04EC0-301F-11D3-BF4B-00C04F79EFBC}") = "SingleDnaFileInSubFolderDefaultSuffix", "SingleDnaFileInSubFolderDefaultSuffix\SingleDnaFileInSubFolderDefaultSuffix.csproj", "{3A3C232A-83DF-4FB1-9049-CF6A7E1C8351}"
EndProject
Project("{FAE04EC0-301F-11D3-BF4B-00C04F79EFBC}") = "SingleDnaFileNoConfigDefaultSuffix", "SingleDnaFileNoConfigDefaultSuffix\SingleDnaFileNoConfigDefaultSuffix.csproj", "{34B3D54A-3D96-4754-BBED-B9DE164BAA80}"
EndProject
Project("{FAE04EC0-301F-11D3-BF4B-00C04F79EFBC}") = "PreAndPostBuildEvents", "PreAndPostBuildEvents\PreAndPostBuildEvents.csproj", "{01805002-4F09-432A-B1E2-803C273671CB}"
EndProject
Project("{FAE04EC0-301F-11D3-BF4B-00C04F79EFBC}") = "SharedOutDirProjectOne", "SharedOutDirProjectOne\SharedOutDirProjectOne.csproj", "{4CE13234-A53E-4539-9AFF-D03F7DF2721C}"
EndProject
Project("{FAE04EC0-301F-11D3-BF4B-00C04F79EFBC}") = "SharedOutDirProjectTwo", "SharedOutDirProjectTwo\SharedOutDirProjectTwo.csproj", "{C174238C-B87F-41D3-BCAA-325AB66F0A7F}"
EndProject
Project("{FAE04EC0-301F-11D3-BF4B-00C04F79EFBC}") = "SingleDnaFileAppConfigLinked", "SingleDnaFileAppConfigLinked\SingleDnaFileAppConfigLinked.csproj", "{0F73C988-703D-4812-AB59-675B25F55E1F}"
EndProject
Project("{2150E333-8FDC-42A3-9474-1A3956D46DE8}") = "SolutionFolderForTesting", "SolutionFolderForTesting", "{6E01179F-5DE4-42C0-A270-2B87CF7DE14F}"
EndProject
Project("{FAE04EC0-301F-11D3-BF4B-00C04F79EFBC}") = "AddInInsideSolutionFolder", "AddInInsideSolutionFolder\AddInInsideSolutionFolder.csproj", "{502A14C5-C058-42BC-A70F-C899ECD58245}"
EndProject
Project("{FAE04EC0-301F-11D3-BF4B-00C04F79EFBC}") = "ProjectWithNameEndingIn64", "ProjectWithNameEndingIn64\ProjectWithNameEndingIn64.csproj", "{D6A3CFD5-0608-480A-8900-765D4C2A5395}"
EndProject
Project("{9A19103F-16F7-4668-BE54-9A1E7A4F7556}") = "NET6Minimal", "NET6Minimal\NET6Minimal.csproj", "{E56095FC-56A6-471E-B2A1-455A1233E8B5}"
EndProject
Project("{9A19103F-16F7-4668-BE54-9A1E7A4F7556}") = "SDKMinimal", "SDKMinimal\SDKMinimal.csproj", "{289B64DC-D79F-46D6-B0D1-D571A8E015A8}"
EndProject
Project("{9A19103F-16F7-4668-BE54-9A1E7A4F7556}") = "SDKMinimalWithoutDna", "SDKMinimalWithoutDna\SDKMinimalWithoutDna.csproj", "{EC633DB3-46C8-48F1-95AC-F091F94DE2E7}"
EndProject
Project("{9A19103F-16F7-4668-BE54-9A1E7A4F7556}") = "SDKExcelDnaCreate32BitAddInFalse", "SDKExcelDnaCreate32BitAddInFalse\SDKExcelDnaCreate32BitAddInFalse.csproj", "{499DDA04-C828-4AAB-8BF2-B6477894AB6B}"
EndProject
Project("{9A19103F-16F7-4668-BE54-9A1E7A4F7556}") = "SDKExcelAddInName", "SDKExcelAddInName\SDKExcelAddInName.csproj", "{1D477F66-41E0-4316-B0FB-5FD5AE4F2A7F}"
EndProject
Project("{9A19103F-16F7-4668-BE54-9A1E7A4F7556}") = "SDKExcelAddInFileName", "SDKExcelAddInFileName\SDKExcelAddInFileName.csproj", "{4ECB1171-AB3D-4DBA-A945-26096FEDDC32}"
EndProject
Project("{9A19103F-16F7-4668-BE54-9A1E7A4F7556}") = "SDKExcelAddInInclude", "SDKExcelAddInInclude\SDKExcelAddInInclude.csproj", "{E8736ACA-803C-4AB6-97C6-E077EDDB41DA}"
EndProject
Project("{9A19103F-16F7-4668-BE54-9A1E7A4F7556}") = "SDKExcelAddInExternalLibraryPath", "SDKExcelAddInExternalLibraryPath\SDKExcelAddInExternalLibraryPath.csproj", "{AA01958C-ECBF-4CD7-826E-917A96E49855}"
EndProject
Project("{9A19103F-16F7-4668-BE54-9A1E7A4F7556}") = "NET6LaunchSettings", "NET6LaunchSettings\NET6LaunchSettings.csproj", "{3B43BB71-A082-4FE6-A173-AC9A3461C608}"
EndProject
Project("{9A19103F-16F7-4668-BE54-9A1E7A4F7556}") = "NET6LaunchSettingsDisabled", "NET6LaunchSettingsDisabled\NET6LaunchSettingsDisabled.csproj", "{7833EF22-3772-43B7-A28F-F423D16B563A}"
EndProject
Project("{778DAE3C-4631-46EA-AA77-85C1314464D9}") = "NET6LaunchSettingsVB", "NET6LaunchSettingsVB\NET6LaunchSettingsVB.vbproj", "{4020D690-236E-4B14-A134-8FA30E43717B}"
EndProject
Project("{9A19103F-16F7-4668-BE54-9A1E7A4F7556}") = "SDKProperties", "SDKProperties\SDKProperties.csproj", "{3E5CC398-612D-401E-82E1-A51058E6CF18}"
EndProject
Project("{9A19103F-16F7-4668-BE54-9A1E7A4F7556}") = "NET6DisableAssemblyContextUnload", "NET6DisableAssemblyContextUnload\NET6DisableAssemblyContextUnload.csproj", "{1EF35B7F-F8A8-4868-AF34-91107E7E3129}"
EndProject
Project("{9A19103F-16F7-4668-BE54-9A1E7A4F7556}") = "NET6Unpack", "NET6Unpack\NET6Unpack.csproj", "{2CCB79EA-E218-408D-88A8-DCB8EE39F644}"
EndProject
Project("{FAE04EC0-301F-11D3-BF4B-00C04F79EFBC}") = "NET4Unpack", "NET4Unpack\NET4Unpack.csproj", "{E423DF71-55E6-4742-AEEF-7A892F9C0AD8}"
EndProject
Project("{9A19103F-16F7-4668-BE54-9A1E7A4F7556}") = "SDKDnaComServer", "SDKDnaComServer\SDKDnaComServer.csproj", "{6833500F-DA9B-4E18-B9D3-487918B1BAC3}"
EndProject
Project("{9A19103F-16F7-4668-BE54-9A1E7A4F7556}") = "NET6DnaComServer", "NET6DnaComServer\NET6DnaComServer.csproj", "{47B73109-1742-46DE-A849-2E4B54443432}"
EndProject
Project("{9A19103F-16F7-4668-BE54-9A1E7A4F7556}") = "NET6Sign", "NET6Sign\NET6Sign.csproj", "{6546D977-7245-4F1C-B983-8369E85218B0}"
EndProject
Project("{9A19103F-16F7-4668-BE54-9A1E7A4F7556}") = "FrameworksPack", "FrameworksPack\FrameworksPack.csproj", "{486B4265-C5C4-4686-908D-75CB7E9FDCF4}"
EndProject
Project("{9A19103F-16F7-4668-BE54-9A1E7A4F7556}") = "FrameworksUseVersionAsOutputVersion", "FrameworksUseVersionAsOutputVersion\FrameworksUseVersionAsOutputVersion.csproj", "{35BE64BA-0143-47E3-BCD6-E08F5C7996B6}"
EndProject
Project("{9A19103F-16F7-4668-BE54-9A1E7A4F7556}") = "SDKExcelDnaPublishPath", "SDKExcelDnaPublishPath\SDKExcelDnaPublishPath.csproj", "{F926502E-E8B4-41AB-AEDD-8E3AB29E0F5D}"
EndProject
Project("{9A19103F-16F7-4668-BE54-9A1E7A4F7556}") = "SDKExcelAddInUseVersionAsOutputVersion", "SDKExcelAddInUseVersionAsOutputVersion\SDKExcelAddInUseVersionAsOutputVersion.csproj", "{3801E738-1016-4054-91FF-CA94AE208B9C}"
EndProject
Project("{9A19103F-16F7-4668-BE54-9A1E7A4F7556}") = "SDKCopyToPublish", "SDKCopyToPublish\SDKCopyToPublish.csproj", "{1E51EFD6-6DF8-4A6E-8FCE-654BF095E33C}"
EndProject
Project("{9A19103F-16F7-4668-BE54-9A1E7A4F7556}") = "SDKExcelDnaPackXllName", "SDKExcelDnaPackXllName\SDKExcelDnaPackXllName.csproj", "{8B0DE2CA-9DB7-4275-AAD1-30E4043B1DA3}"
EndProject
Project("{9A19103F-16F7-4668-BE54-9A1E7A4F7556}") = "SDKExcelDnaPublishPathNone", "SDKExcelDnaPublishPathNone\SDKExcelDnaPublishPathNone.csproj", "{FA3D685A-4C89-428E-B98F-817EFCC937CB}"
EndProject
Project("{9A19103F-16F7-4668-BE54-9A1E7A4F7556}") = "SDKExcelDnaPackXllSuffixNone", "SDKExcelDnaPackXllSuffixNone\SDKExcelDnaPackXllSuffixNone.csproj", "{28A646CB-2826-4AB7-A669-190F46EE7A51}"
EndProject
Project("{9A19103F-16F7-4668-BE54-9A1E7A4F7556}") = "SDKExcelAddInIncludeWildcard", "SDKExcelAddInIncludeWildcard\SDKExcelAddInIncludeWildcard.csproj", "{C24719D5-02C4-4A44-B72F-AE4E462F0A48}"
EndProject
Project("{9A19103F-16F7-4668-BE54-9A1E7A4F7556}") = "NET6ManagedPack", "NET6ManagedPack\NET6ManagedPack.csproj", "{8A1C0A1A-8DC3-4405-9B08-49CDF7593386}"
EndProject
Project("{9A19103F-16F7-4668-BE54-9A1E7A4F7556}") = "SDKExcelAddInExplicitExports", "SDKExcelAddInExplicitExports\SDKExcelAddInExplicitExports.csproj", "{160F888D-6E22-4D62-B916-F97541AD5455}"
EndProject
Project("{9A19103F-16F7-4668-BE54-9A1E7A4F7556}") = "SDKExcelAddInExplicitRegistration", "SDKExcelAddInExplicitRegistration\SDKExcelAddInExplicitRegistration.csproj", "{D4878ED5-86AE-44E6-9908-866AC3503570}"
EndProject
Project("{9A19103F-16F7-4668-BE54-9A1E7A4F7556}") = "NET6CopyDepsJson", "NET6CopyDepsJson\NET6CopyDepsJson.csproj", "{8BF81C2D-3CB8-4C04-86C0-728929C88A92}"
EndProject
Project("{FAE04EC0-301F-11D3-BF4B-00C04F79EFBC}") = "NET6PackDeps", "NET6PackDeps\NET6PackDeps.csproj", "{C32D05B2-E0FA-41ED-8EF0-027ACC826DED}"
EndProject
Global
	GlobalSection(SolutionConfigurationPlatforms) = preSolution
		Debug|Any CPU = Debug|Any CPU
		Release|Any CPU = Release|Any CPU
	EndGlobalSection
	GlobalSection(ProjectConfigurationPlatforms) = postSolution
		{69CFC6E4-EAF6-416A-B462-B586DC3E051D}.Debug|Any CPU.ActiveCfg = Debug|Any CPU
		{69CFC6E4-EAF6-416A-B462-B586DC3E051D}.Debug|Any CPU.Build.0 = Debug|Any CPU
		{69CFC6E4-EAF6-416A-B462-B586DC3E051D}.Release|Any CPU.ActiveCfg = Release|Any CPU
		{69CFC6E4-EAF6-416A-B462-B586DC3E051D}.Release|Any CPU.Build.0 = Release|Any CPU
		{54F0F3B2-6970-4FB8-9271-F9ABF2B2F652}.Debug|Any CPU.ActiveCfg = Debug|Any CPU
		{54F0F3B2-6970-4FB8-9271-F9ABF2B2F652}.Debug|Any CPU.Build.0 = Debug|Any CPU
		{54F0F3B2-6970-4FB8-9271-F9ABF2B2F652}.Release|Any CPU.ActiveCfg = Release|Any CPU
		{54F0F3B2-6970-4FB8-9271-F9ABF2B2F652}.Release|Any CPU.Build.0 = Release|Any CPU
		{C884DE99-F53F-4391-811C-31D9A9244D78}.Debug|Any CPU.ActiveCfg = Debug|Any CPU
		{C884DE99-F53F-4391-811C-31D9A9244D78}.Debug|Any CPU.Build.0 = Debug|Any CPU
		{C884DE99-F53F-4391-811C-31D9A9244D78}.Release|Any CPU.ActiveCfg = Release|Any CPU
		{C884DE99-F53F-4391-811C-31D9A9244D78}.Release|Any CPU.Build.0 = Release|Any CPU
		{C098F10C-9973-4C75-865F-C43BE642A1E3}.Debug|Any CPU.ActiveCfg = Debug|Any CPU
		{C098F10C-9973-4C75-865F-C43BE642A1E3}.Debug|Any CPU.Build.0 = Debug|Any CPU
		{C098F10C-9973-4C75-865F-C43BE642A1E3}.Release|Any CPU.ActiveCfg = Release|Any CPU
		{C098F10C-9973-4C75-865F-C43BE642A1E3}.Release|Any CPU.Build.0 = Release|Any CPU
		{AD4BD15D-C910-4125-888A-3D63EF997BFF}.Debug|Any CPU.ActiveCfg = Debug|Any CPU
		{AD4BD15D-C910-4125-888A-3D63EF997BFF}.Debug|Any CPU.Build.0 = Debug|Any CPU
		{AD4BD15D-C910-4125-888A-3D63EF997BFF}.Release|Any CPU.ActiveCfg = Release|Any CPU
		{AD4BD15D-C910-4125-888A-3D63EF997BFF}.Release|Any CPU.Build.0 = Release|Any CPU
		{3A3C232A-83DF-4FB1-9049-CF6A7E1C8351}.Debug|Any CPU.ActiveCfg = Debug|Any CPU
		{3A3C232A-83DF-4FB1-9049-CF6A7E1C8351}.Debug|Any CPU.Build.0 = Debug|Any CPU
		{3A3C232A-83DF-4FB1-9049-CF6A7E1C8351}.Release|Any CPU.ActiveCfg = Release|Any CPU
		{3A3C232A-83DF-4FB1-9049-CF6A7E1C8351}.Release|Any CPU.Build.0 = Release|Any CPU
		{34B3D54A-3D96-4754-BBED-B9DE164BAA80}.Debug|Any CPU.ActiveCfg = Debug|Any CPU
		{34B3D54A-3D96-4754-BBED-B9DE164BAA80}.Debug|Any CPU.Build.0 = Debug|Any CPU
		{34B3D54A-3D96-4754-BBED-B9DE164BAA80}.Release|Any CPU.ActiveCfg = Release|Any CPU
		{34B3D54A-3D96-4754-BBED-B9DE164BAA80}.Release|Any CPU.Build.0 = Release|Any CPU
		{01805002-4F09-432A-B1E2-803C273671CB}.Debug|Any CPU.ActiveCfg = Debug|Any CPU
		{01805002-4F09-432A-B1E2-803C273671CB}.Debug|Any CPU.Build.0 = Debug|Any CPU
		{01805002-4F09-432A-B1E2-803C273671CB}.Release|Any CPU.ActiveCfg = Release|Any CPU
		{01805002-4F09-432A-B1E2-803C273671CB}.Release|Any CPU.Build.0 = Release|Any CPU
		{4CE13234-A53E-4539-9AFF-D03F7DF2721C}.Debug|Any CPU.ActiveCfg = Debug|Any CPU
		{4CE13234-A53E-4539-9AFF-D03F7DF2721C}.Debug|Any CPU.Build.0 = Debug|Any CPU
		{4CE13234-A53E-4539-9AFF-D03F7DF2721C}.Release|Any CPU.ActiveCfg = Release|Any CPU
		{4CE13234-A53E-4539-9AFF-D03F7DF2721C}.Release|Any CPU.Build.0 = Release|Any CPU
		{C174238C-B87F-41D3-BCAA-325AB66F0A7F}.Debug|Any CPU.ActiveCfg = Debug|Any CPU
		{C174238C-B87F-41D3-BCAA-325AB66F0A7F}.Debug|Any CPU.Build.0 = Debug|Any CPU
		{C174238C-B87F-41D3-BCAA-325AB66F0A7F}.Release|Any CPU.ActiveCfg = Release|Any CPU
		{C174238C-B87F-41D3-BCAA-325AB66F0A7F}.Release|Any CPU.Build.0 = Release|Any CPU
		{0F73C988-703D-4812-AB59-675B25F55E1F}.Debug|Any CPU.ActiveCfg = Debug|Any CPU
		{0F73C988-703D-4812-AB59-675B25F55E1F}.Debug|Any CPU.Build.0 = Debug|Any CPU
		{0F73C988-703D-4812-AB59-675B25F55E1F}.Release|Any CPU.ActiveCfg = Release|Any CPU
		{0F73C988-703D-4812-AB59-675B25F55E1F}.Release|Any CPU.Build.0 = Release|Any CPU
		{502A14C5-C058-42BC-A70F-C899ECD58245}.Debug|Any CPU.ActiveCfg = Debug|Any CPU
		{502A14C5-C058-42BC-A70F-C899ECD58245}.Debug|Any CPU.Build.0 = Debug|Any CPU
		{502A14C5-C058-42BC-A70F-C899ECD58245}.Release|Any CPU.ActiveCfg = Release|Any CPU
		{502A14C5-C058-42BC-A70F-C899ECD58245}.Release|Any CPU.Build.0 = Release|Any CPU
		{D6A3CFD5-0608-480A-8900-765D4C2A5395}.Debug|Any CPU.ActiveCfg = Debug|Any CPU
		{D6A3CFD5-0608-480A-8900-765D4C2A5395}.Debug|Any CPU.Build.0 = Debug|Any CPU
		{D6A3CFD5-0608-480A-8900-765D4C2A5395}.Release|Any CPU.ActiveCfg = Release|Any CPU
		{D6A3CFD5-0608-480A-8900-765D4C2A5395}.Release|Any CPU.Build.0 = Release|Any CPU
		{E56095FC-56A6-471E-B2A1-455A1233E8B5}.Debug|Any CPU.ActiveCfg = Debug|Any CPU
		{E56095FC-56A6-471E-B2A1-455A1233E8B5}.Debug|Any CPU.Build.0 = Debug|Any CPU
		{E56095FC-56A6-471E-B2A1-455A1233E8B5}.Release|Any CPU.ActiveCfg = Release|Any CPU
		{E56095FC-56A6-471E-B2A1-455A1233E8B5}.Release|Any CPU.Build.0 = Release|Any CPU
		{289B64DC-D79F-46D6-B0D1-D571A8E015A8}.Debug|Any CPU.ActiveCfg = Debug|Any CPU
		{289B64DC-D79F-46D6-B0D1-D571A8E015A8}.Debug|Any CPU.Build.0 = Debug|Any CPU
		{289B64DC-D79F-46D6-B0D1-D571A8E015A8}.Release|Any CPU.ActiveCfg = Release|Any CPU
		{289B64DC-D79F-46D6-B0D1-D571A8E015A8}.Release|Any CPU.Build.0 = Release|Any CPU
		{EC633DB3-46C8-48F1-95AC-F091F94DE2E7}.Debug|Any CPU.ActiveCfg = Debug|Any CPU
		{EC633DB3-46C8-48F1-95AC-F091F94DE2E7}.Debug|Any CPU.Build.0 = Debug|Any CPU
		{EC633DB3-46C8-48F1-95AC-F091F94DE2E7}.Release|Any CPU.ActiveCfg = Release|Any CPU
		{EC633DB3-46C8-48F1-95AC-F091F94DE2E7}.Release|Any CPU.Build.0 = Release|Any CPU
		{499DDA04-C828-4AAB-8BF2-B6477894AB6B}.Debug|Any CPU.ActiveCfg = Debug|Any CPU
		{499DDA04-C828-4AAB-8BF2-B6477894AB6B}.Debug|Any CPU.Build.0 = Debug|Any CPU
		{499DDA04-C828-4AAB-8BF2-B6477894AB6B}.Release|Any CPU.ActiveCfg = Release|Any CPU
		{499DDA04-C828-4AAB-8BF2-B6477894AB6B}.Release|Any CPU.Build.0 = Release|Any CPU
		{1D477F66-41E0-4316-B0FB-5FD5AE4F2A7F}.Debug|Any CPU.ActiveCfg = Debug|Any CPU
		{1D477F66-41E0-4316-B0FB-5FD5AE4F2A7F}.Debug|Any CPU.Build.0 = Debug|Any CPU
		{1D477F66-41E0-4316-B0FB-5FD5AE4F2A7F}.Release|Any CPU.ActiveCfg = Release|Any CPU
		{1D477F66-41E0-4316-B0FB-5FD5AE4F2A7F}.Release|Any CPU.Build.0 = Release|Any CPU
		{4ECB1171-AB3D-4DBA-A945-26096FEDDC32}.Debug|Any CPU.ActiveCfg = Debug|Any CPU
		{4ECB1171-AB3D-4DBA-A945-26096FEDDC32}.Debug|Any CPU.Build.0 = Debug|Any CPU
		{4ECB1171-AB3D-4DBA-A945-26096FEDDC32}.Release|Any CPU.ActiveCfg = Release|Any CPU
		{4ECB1171-AB3D-4DBA-A945-26096FEDDC32}.Release|Any CPU.Build.0 = Release|Any CPU
		{E8736ACA-803C-4AB6-97C6-E077EDDB41DA}.Debug|Any CPU.ActiveCfg = Debug|Any CPU
		{E8736ACA-803C-4AB6-97C6-E077EDDB41DA}.Debug|Any CPU.Build.0 = Debug|Any CPU
		{E8736ACA-803C-4AB6-97C6-E077EDDB41DA}.Release|Any CPU.ActiveCfg = Release|Any CPU
		{E8736ACA-803C-4AB6-97C6-E077EDDB41DA}.Release|Any CPU.Build.0 = Release|Any CPU
		{AA01958C-ECBF-4CD7-826E-917A96E49855}.Debug|Any CPU.ActiveCfg = Debug|Any CPU
		{AA01958C-ECBF-4CD7-826E-917A96E49855}.Debug|Any CPU.Build.0 = Debug|Any CPU
		{AA01958C-ECBF-4CD7-826E-917A96E49855}.Release|Any CPU.ActiveCfg = Release|Any CPU
		{AA01958C-ECBF-4CD7-826E-917A96E49855}.Release|Any CPU.Build.0 = Release|Any CPU
		{3B43BB71-A082-4FE6-A173-AC9A3461C608}.Debug|Any CPU.ActiveCfg = Debug|Any CPU
		{3B43BB71-A082-4FE6-A173-AC9A3461C608}.Debug|Any CPU.Build.0 = Debug|Any CPU
		{3B43BB71-A082-4FE6-A173-AC9A3461C608}.Release|Any CPU.ActiveCfg = Release|Any CPU
		{3B43BB71-A082-4FE6-A173-AC9A3461C608}.Release|Any CPU.Build.0 = Release|Any CPU
		{7833EF22-3772-43B7-A28F-F423D16B563A}.Debug|Any CPU.ActiveCfg = Debug|Any CPU
		{7833EF22-3772-43B7-A28F-F423D16B563A}.Debug|Any CPU.Build.0 = Debug|Any CPU
		{7833EF22-3772-43B7-A28F-F423D16B563A}.Release|Any CPU.ActiveCfg = Release|Any CPU
		{7833EF22-3772-43B7-A28F-F423D16B563A}.Release|Any CPU.Build.0 = Release|Any CPU
		{4020D690-236E-4B14-A134-8FA30E43717B}.Debug|Any CPU.ActiveCfg = Debug|Any CPU
		{4020D690-236E-4B14-A134-8FA30E43717B}.Debug|Any CPU.Build.0 = Debug|Any CPU
		{4020D690-236E-4B14-A134-8FA30E43717B}.Release|Any CPU.ActiveCfg = Release|Any CPU
		{4020D690-236E-4B14-A134-8FA30E43717B}.Release|Any CPU.Build.0 = Release|Any CPU
		{3E5CC398-612D-401E-82E1-A51058E6CF18}.Debug|Any CPU.ActiveCfg = Debug|Any CPU
		{3E5CC398-612D-401E-82E1-A51058E6CF18}.Debug|Any CPU.Build.0 = Debug|Any CPU
		{3E5CC398-612D-401E-82E1-A51058E6CF18}.Release|Any CPU.ActiveCfg = Release|Any CPU
		{3E5CC398-612D-401E-82E1-A51058E6CF18}.Release|Any CPU.Build.0 = Release|Any CPU
		{1EF35B7F-F8A8-4868-AF34-91107E7E3129}.Debug|Any CPU.ActiveCfg = Debug|Any CPU
		{1EF35B7F-F8A8-4868-AF34-91107E7E3129}.Debug|Any CPU.Build.0 = Debug|Any CPU
		{1EF35B7F-F8A8-4868-AF34-91107E7E3129}.Release|Any CPU.ActiveCfg = Release|Any CPU
		{1EF35B7F-F8A8-4868-AF34-91107E7E3129}.Release|Any CPU.Build.0 = Release|Any CPU
		{2CCB79EA-E218-408D-88A8-DCB8EE39F644}.Debug|Any CPU.ActiveCfg = Debug|Any CPU
		{2CCB79EA-E218-408D-88A8-DCB8EE39F644}.Debug|Any CPU.Build.0 = Debug|Any CPU
		{2CCB79EA-E218-408D-88A8-DCB8EE39F644}.Release|Any CPU.ActiveCfg = Release|Any CPU
		{2CCB79EA-E218-408D-88A8-DCB8EE39F644}.Release|Any CPU.Build.0 = Release|Any CPU
		{E423DF71-55E6-4742-AEEF-7A892F9C0AD8}.Debug|Any CPU.ActiveCfg = Debug|Any CPU
		{E423DF71-55E6-4742-AEEF-7A892F9C0AD8}.Debug|Any CPU.Build.0 = Debug|Any CPU
		{E423DF71-55E6-4742-AEEF-7A892F9C0AD8}.Release|Any CPU.ActiveCfg = Release|Any CPU
		{E423DF71-55E6-4742-AEEF-7A892F9C0AD8}.Release|Any CPU.Build.0 = Release|Any CPU
		{6833500F-DA9B-4E18-B9D3-487918B1BAC3}.Debug|Any CPU.ActiveCfg = Debug|Any CPU
		{6833500F-DA9B-4E18-B9D3-487918B1BAC3}.Debug|Any CPU.Build.0 = Debug|Any CPU
		{6833500F-DA9B-4E18-B9D3-487918B1BAC3}.Release|Any CPU.ActiveCfg = Release|Any CPU
		{6833500F-DA9B-4E18-B9D3-487918B1BAC3}.Release|Any CPU.Build.0 = Release|Any CPU
		{47B73109-1742-46DE-A849-2E4B54443432}.Debug|Any CPU.ActiveCfg = Debug|Any CPU
		{47B73109-1742-46DE-A849-2E4B54443432}.Debug|Any CPU.Build.0 = Debug|Any CPU
		{47B73109-1742-46DE-A849-2E4B54443432}.Release|Any CPU.ActiveCfg = Release|Any CPU
		{47B73109-1742-46DE-A849-2E4B54443432}.Release|Any CPU.Build.0 = Release|Any CPU
		{6546D977-7245-4F1C-B983-8369E85218B0}.Debug|Any CPU.ActiveCfg = Debug|Any CPU
		{6546D977-7245-4F1C-B983-8369E85218B0}.Debug|Any CPU.Build.0 = Debug|Any CPU
		{6546D977-7245-4F1C-B983-8369E85218B0}.Release|Any CPU.ActiveCfg = Release|Any CPU
		{6546D977-7245-4F1C-B983-8369E85218B0}.Release|Any CPU.Build.0 = Release|Any CPU
		{486B4265-C5C4-4686-908D-75CB7E9FDCF4}.Debug|Any CPU.ActiveCfg = Debug|Any CPU
		{486B4265-C5C4-4686-908D-75CB7E9FDCF4}.Debug|Any CPU.Build.0 = Debug|Any CPU
		{486B4265-C5C4-4686-908D-75CB7E9FDCF4}.Release|Any CPU.ActiveCfg = Release|Any CPU
		{486B4265-C5C4-4686-908D-75CB7E9FDCF4}.Release|Any CPU.Build.0 = Release|Any CPU
		{35BE64BA-0143-47E3-BCD6-E08F5C7996B6}.Debug|Any CPU.ActiveCfg = Debug|Any CPU
		{35BE64BA-0143-47E3-BCD6-E08F5C7996B6}.Debug|Any CPU.Build.0 = Debug|Any CPU
		{35BE64BA-0143-47E3-BCD6-E08F5C7996B6}.Release|Any CPU.ActiveCfg = Release|Any CPU
		{35BE64BA-0143-47E3-BCD6-E08F5C7996B6}.Release|Any CPU.Build.0 = Release|Any CPU
		{F926502E-E8B4-41AB-AEDD-8E3AB29E0F5D}.Debug|Any CPU.ActiveCfg = Debug|Any CPU
		{F926502E-E8B4-41AB-AEDD-8E3AB29E0F5D}.Debug|Any CPU.Build.0 = Debug|Any CPU
		{F926502E-E8B4-41AB-AEDD-8E3AB29E0F5D}.Release|Any CPU.ActiveCfg = Release|Any CPU
		{F926502E-E8B4-41AB-AEDD-8E3AB29E0F5D}.Release|Any CPU.Build.0 = Release|Any CPU
		{3801E738-1016-4054-91FF-CA94AE208B9C}.Debug|Any CPU.ActiveCfg = Debug|Any CPU
		{3801E738-1016-4054-91FF-CA94AE208B9C}.Debug|Any CPU.Build.0 = Debug|Any CPU
		{3801E738-1016-4054-91FF-CA94AE208B9C}.Release|Any CPU.ActiveCfg = Release|Any CPU
		{3801E738-1016-4054-91FF-CA94AE208B9C}.Release|Any CPU.Build.0 = Release|Any CPU
		{1E51EFD6-6DF8-4A6E-8FCE-654BF095E33C}.Debug|Any CPU.ActiveCfg = Debug|Any CPU
		{1E51EFD6-6DF8-4A6E-8FCE-654BF095E33C}.Debug|Any CPU.Build.0 = Debug|Any CPU
		{1E51EFD6-6DF8-4A6E-8FCE-654BF095E33C}.Release|Any CPU.ActiveCfg = Release|Any CPU
		{1E51EFD6-6DF8-4A6E-8FCE-654BF095E33C}.Release|Any CPU.Build.0 = Release|Any CPU
		{8B0DE2CA-9DB7-4275-AAD1-30E4043B1DA3}.Debug|Any CPU.ActiveCfg = Debug|Any CPU
		{8B0DE2CA-9DB7-4275-AAD1-30E4043B1DA3}.Debug|Any CPU.Build.0 = Debug|Any CPU
		{8B0DE2CA-9DB7-4275-AAD1-30E4043B1DA3}.Release|Any CPU.ActiveCfg = Release|Any CPU
		{8B0DE2CA-9DB7-4275-AAD1-30E4043B1DA3}.Release|Any CPU.Build.0 = Release|Any CPU
		{FA3D685A-4C89-428E-B98F-817EFCC937CB}.Debug|Any CPU.ActiveCfg = Debug|Any CPU
		{FA3D685A-4C89-428E-B98F-817EFCC937CB}.Debug|Any CPU.Build.0 = Debug|Any CPU
		{FA3D685A-4C89-428E-B98F-817EFCC937CB}.Release|Any CPU.ActiveCfg = Release|Any CPU
		{FA3D685A-4C89-428E-B98F-817EFCC937CB}.Release|Any CPU.Build.0 = Release|Any CPU
		{28A646CB-2826-4AB7-A669-190F46EE7A51}.Debug|Any CPU.ActiveCfg = Debug|Any CPU
		{28A646CB-2826-4AB7-A669-190F46EE7A51}.Debug|Any CPU.Build.0 = Debug|Any CPU
		{28A646CB-2826-4AB7-A669-190F46EE7A51}.Release|Any CPU.ActiveCfg = Release|Any CPU
		{28A646CB-2826-4AB7-A669-190F46EE7A51}.Release|Any CPU.Build.0 = Release|Any CPU
		{C24719D5-02C4-4A44-B72F-AE4E462F0A48}.Debug|Any CPU.ActiveCfg = Debug|Any CPU
		{C24719D5-02C4-4A44-B72F-AE4E462F0A48}.Debug|Any CPU.Build.0 = Debug|Any CPU
		{C24719D5-02C4-4A44-B72F-AE4E462F0A48}.Release|Any CPU.ActiveCfg = Release|Any CPU
		{C24719D5-02C4-4A44-B72F-AE4E462F0A48}.Release|Any CPU.Build.0 = Release|Any CPU
		{8A1C0A1A-8DC3-4405-9B08-49CDF7593386}.Debug|Any CPU.ActiveCfg = Debug|Any CPU
		{8A1C0A1A-8DC3-4405-9B08-49CDF7593386}.Debug|Any CPU.Build.0 = Debug|Any CPU
		{8A1C0A1A-8DC3-4405-9B08-49CDF7593386}.Release|Any CPU.ActiveCfg = Release|Any CPU
		{8A1C0A1A-8DC3-4405-9B08-49CDF7593386}.Release|Any CPU.Build.0 = Release|Any CPU
		{160F888D-6E22-4D62-B916-F97541AD5455}.Debug|Any CPU.ActiveCfg = Debug|Any CPU
		{160F888D-6E22-4D62-B916-F97541AD5455}.Debug|Any CPU.Build.0 = Debug|Any CPU
		{160F888D-6E22-4D62-B916-F97541AD5455}.Release|Any CPU.ActiveCfg = Release|Any CPU
		{160F888D-6E22-4D62-B916-F97541AD5455}.Release|Any CPU.Build.0 = Release|Any CPU
		{D4878ED5-86AE-44E6-9908-866AC3503570}.Debug|Any CPU.ActiveCfg = Debug|Any CPU
		{D4878ED5-86AE-44E6-9908-866AC3503570}.Debug|Any CPU.Build.0 = Debug|Any CPU
		{D4878ED5-86AE-44E6-9908-866AC3503570}.Release|Any CPU.ActiveCfg = Release|Any CPU
		{D4878ED5-86AE-44E6-9908-866AC3503570}.Release|Any CPU.Build.0 = Release|Any CPU
		{8BF81C2D-3CB8-4C04-86C0-728929C88A92}.Debug|Any CPU.ActiveCfg = Debug|Any CPU
		{8BF81C2D-3CB8-4C04-86C0-728929C88A92}.Debug|Any CPU.Build.0 = Debug|Any CPU
		{8BF81C2D-3CB8-4C04-86C0-728929C88A92}.Release|Any CPU.ActiveCfg = Release|Any CPU
		{8BF81C2D-3CB8-4C04-86C0-728929C88A92}.Release|Any CPU.Build.0 = Release|Any CPU
		{C32D05B2-E0FA-41ED-8EF0-027ACC826DED}.Debug|Any CPU.ActiveCfg = Debug|Any CPU
		{C32D05B2-E0FA-41ED-8EF0-027ACC826DED}.Debug|Any CPU.Build.0 = Debug|Any CPU
		{C32D05B2-E0FA-41ED-8EF0-027ACC826DED}.Release|Any CPU.ActiveCfg = Release|Any CPU
		{C32D05B2-E0FA-41ED-8EF0-027ACC826DED}.Release|Any CPU.Build.0 = Release|Any CPU
	EndGlobalSection
	GlobalSection(SolutionProperties) = preSolution
		HideSolutionNode = FALSE
	EndGlobalSection
	GlobalSection(NestedProjects) = preSolution
		{502A14C5-C058-42BC-A70F-C899ECD58245} = {6E01179F-5DE4-42C0-A270-2B87CF7DE14F}
	EndGlobalSection
	GlobalSection(ExtensibilityGlobals) = postSolution
		SolutionGuid = {5B32D89B-F6FC-4D5E-8156-2CBE3B014A1E}
	EndGlobalSection
EndGlobal
