
Microsoft Visual Studio Solution File, Format Version 12.00
# Visual Studio 14
VisualStudioVersion = 14.0.25123.0
MinimumVisualStudioVersion = 10.0.40219.1
Project("{FAE04EC0-301F-11D3-BF4B-00C04F79EFBC}") = "ExcelDna.Loader", "ExcelDna.Loader\ExcelDna.Loader.csproj", "{59AE5BC6-F37E-4CE3-BAE3-796F807A9882}"
EndProject
Project("{8BC9CEB8-8B4A-11D0-8D11-00A0C91BC942}") = "ExcelDna", "ExcelDna\ExcelDna.vcxproj", "{A8D668E2-63C1-4F4E-A01E-E026C6E4D601}"
EndProject
Project("{FAE04EC0-301F-11D3-BF4B-00C04F79EFBC}") = "ExcelDna.Integration", "ExcelDna.Integration\ExcelDna.Integration.csproj", "{196735BC-5A5C-4A21-9FE4-EC01CB7F3DE9}"
EndProject
Project("{FAE04EC0-301F-11D3-BF4B-00C04F79EFBC}") = "ExcelDnaPack", "ExcelDnaPack\ExcelDnaPack.csproj", "{FD7F2EE3-9922-4825-96A2-BE2C877BAEB9}"
	ProjectSection(ProjectDependencies) = postProject
		{59AE5BC6-F37E-4CE3-BAE3-796F807A9882} = {59AE5BC6-F37E-4CE3-BAE3-796F807A9882}
	EndProjectSection
EndProject
Project("{FAE04EC0-301F-11D3-BF4B-00C04F79EFBC}") = "ExcelDna.AddIn.Tasks", "ExcelDna.AddIn.Tasks\ExcelDna.AddIn.Tasks.csproj", "{B5CC04D3-0507-4431-9F45-7C60BAC3047A}"
EndProject
Project("{2150E333-8FDC-42A3-9474-1A3956D46DE8}") = "Tests", "Tests", "{511CE610-5E55-457F-B818-1522D1A96727}"
EndProject
Project("{FAE04EC0-301F-11D3-BF4B-00C04F79EFBC}") = "ExcelDna.AddIn.Tasks.IntegrationTests", "Tests\ExcelDna.AddIn.Tasks.IntegrationTests\ExcelDna.AddIn.Tasks.IntegrationTests.csproj", "{C9CAD3E4-E6F1-4BD2-AF89-57950AB15388}"
EndProject
Project("{FAE04EC0-301F-11D3-BF4B-00C04F79EFBC}") = "ExcelDna.IntegrationTests", "Tests\ExcelDna.IntegrationTests\ExcelDna.IntegrationTests.csproj", "{3AFD9408-48AC-43B4-8E55-4E7D73168FEA}"
	ProjectSection(ProjectDependencies) = postProject
		{A8D668E2-63C1-4F4E-A01E-E026C6E4D601} = {A8D668E2-63C1-4F4E-A01E-E026C6E4D601}
	EndProjectSection
EndProject
Global
	GlobalSection(SolutionConfigurationPlatforms) = preSolution
		Debug|Any CPU = Debug|Any CPU
		Debug|Mixed Platforms = Debug|Mixed Platforms
		Debug|Win32 = Debug|Win32
		Debug|x64 = Debug|x64
		Debug|x86 = Debug|x86
		Release|Any CPU = Release|Any CPU
		Release|Mixed Platforms = Release|Mixed Platforms
		Release|Win32 = Release|Win32
		Release|x64 = Release|x64
		Release|x86 = Release|x86
	EndGlobalSection
	GlobalSection(ProjectConfigurationPlatforms) = postSolution
		{59AE5BC6-F37E-4CE3-BAE3-796F807A9882}.Debug|Any CPU.ActiveCfg = Debug|Any CPU
		{59AE5BC6-F37E-4CE3-BAE3-796F807A9882}.Debug|Any CPU.Build.0 = Debug|Any CPU
		{59AE5BC6-F37E-4CE3-BAE3-796F807A9882}.Debug|Mixed Platforms.ActiveCfg = Debug|Any CPU
		{59AE5BC6-F37E-4CE3-BAE3-796F807A9882}.Debug|Mixed Platforms.Build.0 = Debug|Any CPU
		{59AE5BC6-F37E-4CE3-BAE3-796F807A9882}.Debug|Win32.ActiveCfg = Debug|Any CPU
		{59AE5BC6-F37E-4CE3-BAE3-796F807A9882}.Debug|Win32.Build.0 = Debug|Any CPU
		{59AE5BC6-F37E-4CE3-BAE3-796F807A9882}.Debug|x64.ActiveCfg = Debug|Any CPU
		{59AE5BC6-F37E-4CE3-BAE3-796F807A9882}.Debug|x64.Build.0 = Debug|Any CPU
		{59AE5BC6-F37E-4CE3-BAE3-796F807A9882}.Debug|x86.ActiveCfg = Debug|Any CPU
		{59AE5BC6-F37E-4CE3-BAE3-796F807A9882}.Debug|x86.Build.0 = Debug|Any CPU
		{59AE5BC6-F37E-4CE3-BAE3-796F807A9882}.Release|Any CPU.ActiveCfg = Release|Any CPU
		{59AE5BC6-F37E-4CE3-BAE3-796F807A9882}.Release|Any CPU.Build.0 = Release|Any CPU
		{59AE5BC6-F37E-4CE3-BAE3-796F807A9882}.Release|Mixed Platforms.ActiveCfg = Release|Any CPU
		{59AE5BC6-F37E-4CE3-BAE3-796F807A9882}.Release|Mixed Platforms.Build.0 = Release|Any CPU
		{59AE5BC6-F37E-4CE3-BAE3-796F807A9882}.Release|Win32.ActiveCfg = Release|Any CPU
		{59AE5BC6-F37E-4CE3-BAE3-796F807A9882}.Release|Win32.Build.0 = Release|Any CPU
		{59AE5BC6-F37E-4CE3-BAE3-796F807A9882}.Release|x64.ActiveCfg = Release|Any CPU
		{59AE5BC6-F37E-4CE3-BAE3-796F807A9882}.Release|x64.Build.0 = Release|Any CPU
		{59AE5BC6-F37E-4CE3-BAE3-796F807A9882}.Release|x86.ActiveCfg = Release|Any CPU
		{59AE5BC6-F37E-4CE3-BAE3-796F807A9882}.Release|x86.Build.0 = Release|Any CPU
		{A8D668E2-63C1-4F4E-A01E-E026C6E4D601}.Debug|Any CPU.ActiveCfg = Debug|x64
		{A8D668E2-63C1-4F4E-A01E-E026C6E4D601}.Debug|Mixed Platforms.ActiveCfg = Debug|Win32
		{A8D668E2-63C1-4F4E-A01E-E026C6E4D601}.Debug|Mixed Platforms.Build.0 = Debug|Win32
		{A8D668E2-63C1-4F4E-A01E-E026C6E4D601}.Debug|Win32.ActiveCfg = Debug|Win32
		{A8D668E2-63C1-4F4E-A01E-E026C6E4D601}.Debug|Win32.Build.0 = Debug|Win32
		{A8D668E2-63C1-4F4E-A01E-E026C6E4D601}.Debug|x64.ActiveCfg = Debug|x64
		{A8D668E2-63C1-4F4E-A01E-E026C6E4D601}.Debug|x64.Build.0 = Debug|x64
		{A8D668E2-63C1-4F4E-A01E-E026C6E4D601}.Debug|x86.ActiveCfg = Debug|Win32
		{A8D668E2-63C1-4F4E-A01E-E026C6E4D601}.Debug|x86.Build.0 = Debug|Win32
		{A8D668E2-63C1-4F4E-A01E-E026C6E4D601}.Release|Any CPU.ActiveCfg = Release|x64
		{A8D668E2-63C1-4F4E-A01E-E026C6E4D601}.Release|Mixed Platforms.ActiveCfg = Release|x64
		{A8D668E2-63C1-4F4E-A01E-E026C6E4D601}.Release|Mixed Platforms.Build.0 = Release|x64
		{A8D668E2-63C1-4F4E-A01E-E026C6E4D601}.Release|Win32.ActiveCfg = Release|Win32
		{A8D668E2-63C1-4F4E-A01E-E026C6E4D601}.Release|Win32.Build.0 = Release|Win32
		{A8D668E2-63C1-4F4E-A01E-E026C6E4D601}.Release|x64.ActiveCfg = Release|x64
		{A8D668E2-63C1-4F4E-A01E-E026C6E4D601}.Release|x64.Build.0 = Release|x64
		{A8D668E2-63C1-4F4E-A01E-E026C6E4D601}.Release|x86.ActiveCfg = Release|Win32
		{A8D668E2-63C1-4F4E-A01E-E026C6E4D601}.Release|x86.Build.0 = Release|Win32
		{196735BC-5A5C-4A21-9FE4-EC01CB7F3DE9}.Debug|Any CPU.ActiveCfg = Debug|Any CPU
		{196735BC-5A5C-4A21-9FE4-EC01CB7F3DE9}.Debug|Any CPU.Build.0 = Debug|Any CPU
		{196735BC-5A5C-4A21-9FE4-EC01CB7F3DE9}.Debug|Mixed Platforms.ActiveCfg = Debug|Any CPU
		{196735BC-5A5C-4A21-9FE4-EC01CB7F3DE9}.Debug|Mixed Platforms.Build.0 = Debug|Any CPU
		{196735BC-5A5C-4A21-9FE4-EC01CB7F3DE9}.Debug|Win32.ActiveCfg = Debug|Any CPU
		{196735BC-5A5C-4A21-9FE4-EC01CB7F3DE9}.Debug|Win32.Build.0 = Debug|Any CPU
		{196735BC-5A5C-4A21-9FE4-EC01CB7F3DE9}.Debug|x64.ActiveCfg = Debug|Any CPU
		{196735BC-5A5C-4A21-9FE4-EC01CB7F3DE9}.Debug|x64.Build.0 = Debug|Any CPU
		{196735BC-5A5C-4A21-9FE4-EC01CB7F3DE9}.Debug|x86.ActiveCfg = Debug|Any CPU
		{196735BC-5A5C-4A21-9FE4-EC01CB7F3DE9}.Debug|x86.Build.0 = Debug|Any CPU
		{196735BC-5A5C-4A21-9FE4-EC01CB7F3DE9}.Release|Any CPU.ActiveCfg = Release|Any CPU
		{196735BC-5A5C-4A21-9FE4-EC01CB7F3DE9}.Release|Any CPU.Build.0 = Release|Any CPU
		{196735BC-5A5C-4A21-9FE4-EC01CB7F3DE9}.Release|Mixed Platforms.ActiveCfg = Release|Any CPU
		{196735BC-5A5C-4A21-9FE4-EC01CB7F3DE9}.Release|Mixed Platforms.Build.0 = Release|Any CPU
		{196735BC-5A5C-4A21-9FE4-EC01CB7F3DE9}.Release|Win32.ActiveCfg = Release|Any CPU
		{196735BC-5A5C-4A21-9FE4-EC01CB7F3DE9}.Release|Win32.Build.0 = Release|Any CPU
		{196735BC-5A5C-4A21-9FE4-EC01CB7F3DE9}.Release|x64.ActiveCfg = Release|Any CPU
		{196735BC-5A5C-4A21-9FE4-EC01CB7F3DE9}.Release|x64.Build.0 = Release|Any CPU
		{196735BC-5A5C-4A21-9FE4-EC01CB7F3DE9}.Release|x86.ActiveCfg = Release|Any CPU
		{196735BC-5A5C-4A21-9FE4-EC01CB7F3DE9}.Release|x86.Build.0 = Release|Any CPU
		{FD7F2EE3-9922-4825-96A2-BE2C877BAEB9}.Debug|Any CPU.ActiveCfg = Debug|Any CPU
		{FD7F2EE3-9922-4825-96A2-BE2C877BAEB9}.Debug|Any CPU.Build.0 = Debug|Any CPU
		{FD7F2EE3-9922-4825-96A2-BE2C877BAEB9}.Debug|Mixed Platforms.ActiveCfg = Debug|Any CPU
		{FD7F2EE3-9922-4825-96A2-BE2C877BAEB9}.Debug|Mixed Platforms.Build.0 = Debug|Any CPU
		{FD7F2EE3-9922-4825-96A2-BE2C877BAEB9}.Debug|Win32.ActiveCfg = Debug|Any CPU
		{FD7F2EE3-9922-4825-96A2-BE2C877BAEB9}.Debug|Win32.Build.0 = Debug|Any CPU
		{FD7F2EE3-9922-4825-96A2-BE2C877BAEB9}.Debug|x64.ActiveCfg = Debug|Any CPU
		{FD7F2EE3-9922-4825-96A2-BE2C877BAEB9}.Debug|x64.Build.0 = Debug|Any CPU
		{FD7F2EE3-9922-4825-96A2-BE2C877BAEB9}.Debug|x86.ActiveCfg = Debug|Any CPU
		{FD7F2EE3-9922-4825-96A2-BE2C877BAEB9}.Debug|x86.Build.0 = Debug|Any CPU
		{FD7F2EE3-9922-4825-96A2-BE2C877BAEB9}.Release|Any CPU.ActiveCfg = Release|Any CPU
		{FD7F2EE3-9922-4825-96A2-BE2C877BAEB9}.Release|Any CPU.Build.0 = Release|Any CPU
		{FD7F2EE3-9922-4825-96A2-BE2C877BAEB9}.Release|Mixed Platforms.ActiveCfg = Release|Any CPU
		{FD7F2EE3-9922-4825-96A2-BE2C877BAEB9}.Release|Mixed Platforms.Build.0 = Release|Any CPU
		{FD7F2EE3-9922-4825-96A2-BE2C877BAEB9}.Release|Win32.ActiveCfg = Release|Any CPU
		{FD7F2EE3-9922-4825-96A2-BE2C877BAEB9}.Release|Win32.Build.0 = Release|Any CPU
		{FD7F2EE3-9922-4825-96A2-BE2C877BAEB9}.Release|x64.ActiveCfg = Release|Any CPU
		{FD7F2EE3-9922-4825-96A2-BE2C877BAEB9}.Release|x64.Build.0 = Release|Any CPU
		{FD7F2EE3-9922-4825-96A2-BE2C877BAEB9}.Release|x86.ActiveCfg = Release|Any CPU
		{FD7F2EE3-9922-4825-96A2-BE2C877BAEB9}.Release|x86.Build.0 = Release|Any CPU
		{B5CC04D3-0507-4431-9F45-7C60BAC3047A}.Debug|Any CPU.ActiveCfg = Debug|Any CPU
		{B5CC04D3-0507-4431-9F45-7C60BAC3047A}.Debug|Any CPU.Build.0 = Debug|Any CPU
		{B5CC04D3-0507-4431-9F45-7C60BAC3047A}.Debug|Mixed Platforms.ActiveCfg = Debug|Any CPU
		{B5CC04D3-0507-4431-9F45-7C60BAC3047A}.Debug|Mixed Platforms.Build.0 = Debug|Any CPU
		{B5CC04D3-0507-4431-9F45-7C60BAC3047A}.Debug|Win32.ActiveCfg = Debug|Any CPU
		{B5CC04D3-0507-4431-9F45-7C60BAC3047A}.Debug|Win32.Build.0 = Debug|Any CPU
		{B5CC04D3-0507-4431-9F45-7C60BAC3047A}.Debug|x64.ActiveCfg = Debug|Any CPU
		{B5CC04D3-0507-4431-9F45-7C60BAC3047A}.Debug|x64.Build.0 = Debug|Any CPU
		{B5CC04D3-0507-4431-9F45-7C60BAC3047A}.Debug|x86.ActiveCfg = Debug|Any CPU
		{B5CC04D3-0507-4431-9F45-7C60BAC3047A}.Debug|x86.Build.0 = Debug|Any CPU
		{B5CC04D3-0507-4431-9F45-7C60BAC3047A}.Release|Any CPU.ActiveCfg = Release|Any CPU
		{B5CC04D3-0507-4431-9F45-7C60BAC3047A}.Release|Any CPU.Build.0 = Release|Any CPU
		{B5CC04D3-0507-4431-9F45-7C60BAC3047A}.Release|Mixed Platforms.ActiveCfg = Release|Any CPU
		{B5CC04D3-0507-4431-9F45-7C60BAC3047A}.Release|Mixed Platforms.Build.0 = Release|Any CPU
		{B5CC04D3-0507-4431-9F45-7C60BAC3047A}.Release|Win32.ActiveCfg = Release|Any CPU
		{B5CC04D3-0507-4431-9F45-7C60BAC3047A}.Release|Win32.Build.0 = Release|Any CPU
		{B5CC04D3-0507-4431-9F45-7C60BAC3047A}.Release|x64.ActiveCfg = Release|Any CPU
		{B5CC04D3-0507-4431-9F45-7C60BAC3047A}.Release|x64.Build.0 = Release|Any CPU
		{B5CC04D3-0507-4431-9F45-7C60BAC3047A}.Release|x86.ActiveCfg = Release|Any CPU
		{B5CC04D3-0507-4431-9F45-7C60BAC3047A}.Release|x86.Build.0 = Release|Any CPU
		{C9CAD3E4-E6F1-4BD2-AF89-57950AB15388}.Debug|Any CPU.ActiveCfg = Debug|Any CPU
		{C9CAD3E4-E6F1-4BD2-AF89-57950AB15388}.Debug|Any CPU.Build.0 = Debug|Any CPU
		{C9CAD3E4-E6F1-4BD2-AF89-57950AB15388}.Debug|Mixed Platforms.ActiveCfg = Debug|Any CPU
		{C9CAD3E4-E6F1-4BD2-AF89-57950AB15388}.Debug|Mixed Platforms.Build.0 = Debug|Any CPU
		{C9CAD3E4-E6F1-4BD2-AF89-57950AB15388}.Debug|Win32.ActiveCfg = Debug|Any CPU
		{C9CAD3E4-E6F1-4BD2-AF89-57950AB15388}.Debug|Win32.Build.0 = Debug|Any CPU
		{C9CAD3E4-E6F1-4BD2-AF89-57950AB15388}.Debug|x64.ActiveCfg = Debug|Any CPU
		{C9CAD3E4-E6F1-4BD2-AF89-57950AB15388}.Debug|x64.Build.0 = Debug|Any CPU
		{C9CAD3E4-E6F1-4BD2-AF89-57950AB15388}.Debug|x86.ActiveCfg = Debug|Any CPU
		{C9CAD3E4-E6F1-4BD2-AF89-57950AB15388}.Debug|x86.Build.0 = Debug|Any CPU
		{C9CAD3E4-E6F1-4BD2-AF89-57950AB15388}.Release|Any CPU.ActiveCfg = Release|Any CPU
		{C9CAD3E4-E6F1-4BD2-AF89-57950AB15388}.Release|Any CPU.Build.0 = Release|Any CPU
		{C9CAD3E4-E6F1-4BD2-AF89-57950AB15388}.Release|Mixed Platforms.ActiveCfg = Release|Any CPU
		{C9CAD3E4-E6F1-4BD2-AF89-57950AB15388}.Release|Mixed Platforms.Build.0 = Release|Any CPU
		{C9CAD3E4-E6F1-4BD2-AF89-57950AB15388}.Release|Win32.ActiveCfg = Release|Any CPU
		{C9CAD3E4-E6F1-4BD2-AF89-57950AB15388}.Release|Win32.Build.0 = Release|Any CPU
		{C9CAD3E4-E6F1-4BD2-AF89-57950AB15388}.Release|x64.ActiveCfg = Release|Any CPU
		{C9CAD3E4-E6F1-4BD2-AF89-57950AB15388}.Release|x64.Build.0 = Release|Any CPU
		{C9CAD3E4-E6F1-4BD2-AF89-57950AB15388}.Release|x86.ActiveCfg = Release|Any CPU
		{C9CAD3E4-E6F1-4BD2-AF89-57950AB15388}.Release|x86.Build.0 = Release|Any CPU
		{3AFD9408-48AC-43B4-8E55-4E7D73168FEA}.Debug|Any CPU.ActiveCfg = Debug|Any CPU
		{3AFD9408-48AC-43B4-8E55-4E7D73168FEA}.Debug|Any CPU.Build.0 = Debug|Any CPU
		{3AFD9408-48AC-43B4-8E55-4E7D73168FEA}.Debug|Mixed Platforms.ActiveCfg = Debug|Any CPU
		{3AFD9408-48AC-43B4-8E55-4E7D73168FEA}.Debug|Mixed Platforms.Build.0 = Debug|Any CPU
		{3AFD9408-48AC-43B4-8E55-4E7D73168FEA}.Debug|Win32.ActiveCfg = Debug|Any CPU
		{3AFD9408-48AC-43B4-8E55-4E7D73168FEA}.Debug|Win32.Build.0 = Debug|Any CPU
		{3AFD9408-48AC-43B4-8E55-4E7D73168FEA}.Debug|x64.ActiveCfg = Debug|Any CPU
		{3AFD9408-48AC-43B4-8E55-4E7D73168FEA}.Debug|x64.Build.0 = Debug|Any CPU
		{3AFD9408-48AC-43B4-8E55-4E7D73168FEA}.Debug|x86.ActiveCfg = Debug|Any CPU
		{3AFD9408-48AC-43B4-8E55-4E7D73168FEA}.Debug|x86.Build.0 = Debug|Any CPU
		{3AFD9408-48AC-43B4-8E55-4E7D73168FEA}.Release|Any CPU.ActiveCfg = Release|Any CPU
		{3AFD9408-48AC-43B4-8E55-4E7D73168FEA}.Release|Any CPU.Build.0 = Release|Any CPU
		{3AFD9408-48AC-43B4-8E55-4E7D73168FEA}.Release|Mixed Platforms.ActiveCfg = Release|Any CPU
		{3AFD9408-48AC-43B4-8E55-4E7D73168FEA}.Release|Mixed Platforms.Build.0 = Release|Any CPU
		{3AFD9408-48AC-43B4-8E55-4E7D73168FEA}.Release|Win32.ActiveCfg = Release|Any CPU
		{3AFD9408-48AC-43B4-8E55-4E7D73168FEA}.Release|Win32.Build.0 = Release|Any CPU
		{3AFD9408-48AC-43B4-8E55-4E7D73168FEA}.Release|x64.ActiveCfg = Release|Any CPU
		{3AFD9408-48AC-43B4-8E55-4E7D73168FEA}.Release|x64.Build.0 = Release|Any CPU
		{3AFD9408-48AC-43B4-8E55-4E7D73168FEA}.Release|x86.ActiveCfg = Release|Any CPU
		{3AFD9408-48AC-43B4-8E55-4E7D73168FEA}.Release|x86.Build.0 = Release|Any CPU
	EndGlobalSection
	GlobalSection(SolutionProperties) = preSolution
		HideSolutionNode = FALSE
	EndGlobalSection
	GlobalSection(NestedProjects) = preSolution
		{C9CAD3E4-E6F1-4BD2-AF89-57950AB15388} = {511CE610-5E55-457F-B818-1522D1A96727}
		{3AFD9408-48AC-43B4-8E55-4E7D73168FEA} = {511CE610-5E55-457F-B818-1522D1A96727}
	EndGlobalSection
EndGlobal
