
Microsoft Visual Studio Solution File, Format Version 10.00
# Visual Studio 2008
Project("{FAE04EC0-301F-11D3-BF4B-00C04F79EFBC}") = "Integration", "Integration\Integration.csproj", "{AE3835EE-BF5F-4BC8-AD50-97575011F15C}"
EndProject
Project("{8BC9CEB8-8B4A-11D0-8D11-00A0C91BC942}") = "AddIn", "AddIn\AddIn.vcproj", "{CC8B0998-3B66-4741-89DE-EE49E7C7BE3A}"
	ProjectSection(ProjectDependencies) = postProject
		{AE3835EE-BF5F-4BC8-AD50-97575011F15C} = {AE3835EE-BF5F-4BC8-AD50-97575011F15C}
	EndProjectSection
EndProject
Global
	GlobalSection(SolutionConfigurationPlatforms) = preSolution
		Debug|Any CPU = Debug|Any CPU
		Debug|Mixed Platforms = Debug|Mixed Platforms
		Debug|Win32 = Debug|Win32
		Release|Any CPU = Release|Any CPU
		Release|Mixed Platforms = Release|Mixed Platforms
		Release|Win32 = Release|Win32
	EndGlobalSection
	GlobalSection(ProjectConfigurationPlatforms) = postSolution
		{AE3835EE-BF5F-4BC8-AD50-97575011F15C}.Debug|Any CPU.ActiveCfg = Debug|Any CPU
		{AE3835EE-BF5F-4BC8-AD50-97575011F15C}.Debug|Any CPU.Build.0 = Debug|Any CPU
		{AE3835EE-BF5F-4BC8-AD50-97575011F15C}.Debug|Mixed Platforms.ActiveCfg = Debug|Any CPU
		{AE3835EE-BF5F-4BC8-AD50-97575011F15C}.Debug|Mixed Platforms.Build.0 = Debug|Any CPU
		{AE3835EE-BF5F-4BC8-AD50-97575011F15C}.Debug|Win32.ActiveCfg = Debug|Any CPU
		{AE3835EE-BF5F-4BC8-AD50-97575011F15C}.Release|Any CPU.ActiveCfg = Release|Any CPU
		{AE3835EE-BF5F-4BC8-AD50-97575011F15C}.Release|Any CPU.Build.0 = Release|Any CPU
		{AE3835EE-BF5F-4BC8-AD50-97575011F15C}.Release|Mixed Platforms.ActiveCfg = Release|Any CPU
		{AE3835EE-BF5F-4BC8-AD50-97575011F15C}.Release|Mixed Platforms.Build.0 = Release|Any CPU
		{AE3835EE-BF5F-4BC8-AD50-97575011F15C}.Release|Win32.ActiveCfg = Release|Any CPU
		{CC8B0998-3B66-4741-89DE-EE49E7C7BE3A}.Debug|Any CPU.ActiveCfg = Debug|Win32
		{CC8B0998-3B66-4741-89DE-EE49E7C7BE3A}.Debug|Mixed Platforms.ActiveCfg = Debug|Win32
		{CC8B0998-3B66-4741-89DE-EE49E7C7BE3A}.Debug|Mixed Platforms.Build.0 = Debug|Win32
		{CC8B0998-3B66-4741-89DE-EE49E7C7BE3A}.Debug|Win32.ActiveCfg = Debug|Win32
		{CC8B0998-3B66-4741-89DE-EE49E7C7BE3A}.Debug|Win32.Build.0 = Debug|Win32
		{CC8B0998-3B66-4741-89DE-EE49E7C7BE3A}.Release|Any CPU.ActiveCfg = Release|Win32
		{CC8B0998-3B66-4741-89DE-EE49E7C7BE3A}.Release|Mixed Platforms.ActiveCfg = Release|Win32
		{CC8B0998-3B66-4741-89DE-EE49E7C7BE3A}.Release|Mixed Platforms.Build.0 = Release|Win32
		{CC8B0998-3B66-4741-89DE-EE49E7C7BE3A}.Release|Win32.ActiveCfg = Release|Win32
		{CC8B0998-3B66-4741-89DE-EE49E7C7BE3A}.Release|Win32.Build.0 = Release|Win32
	EndGlobalSection
	GlobalSection(SolutionProperties) = preSolution
		HideSolutionNode = FALSE
	EndGlobalSection
EndGlobal
