
Microsoft Visual Studio Solution File, Format Version 11.00
# Visual Studio 2010
Project("{FAE04EC0-301F-11D3-BF4B-00C04F79EFBC}") = "CSharpAddIn", "CSharpAddIn.csproj", "{F23B5FC7-B72A-4A83-ACA5-9FC082BE3215}"
EndProject
Global
	GlobalSection(SolutionConfigurationPlatforms) = preSolution
		Debug|Any CPU = Debug|Any CPU
		Release|Any CPU = Release|Any CPU
	EndGlobalSection
	GlobalSection(ProjectConfigurationPlatforms) = postSolution
		{F23B5FC7-B72A-4A83-ACA5-9FC082BE3215}.Debug|Any CPU.ActiveCfg = Debug|Any CPU
		{F23B5FC7-B72A-4A83-ACA5-9FC082BE3215}.Debug|Any CPU.Build.0 = Debug|Any CPU
		{F23B5FC7-B72A-4A83-ACA5-9FC082BE3215}.Release|Any CPU.ActiveCfg = Release|Any CPU
		{F23B5FC7-B72A-4A83-ACA5-9FC082BE3215}.Release|Any CPU.Build.0 = Release|Any CPU
	EndGlobalSection
	GlobalSection(SolutionProperties) = preSolution
		HideSolutionNode = FALSE
	EndGlobalSection
EndGlobal
